<?xml version="1.0" encoding="UTF-8" standalone="yes" ?>
<CodeBlocks_project_file>
	<FileVersion major="1" minor="6" />
	<Project>
		<Option title="projetS4" />
		<Option pch_mode="2" />
		<Option compiler="gcc" />
		<Build>
			<Target title="Debug">
				<Option output="bin/Debug/projetS4" prefix_auto="1" extension_auto="1" />
				<Option object_output="obj/Debug/" />
				<Option type="1" />
				<Option compiler="gcc" />
				<Compiler>
					<Add option="-g" />
				</Compiler>
			</Target>
			<Target title="Release">
				<Option output="bin/Release/projetS4" prefix_auto="1" extension_auto="1" />
				<Option object_output="obj/Release/" />
				<Option type="1" />
				<Option compiler="gcc" />
				<Compiler>
					<Add option="-O2" />
				</Compiler>
				<Linker>
					<Add option="-s" />
				</Linker>
			</Target>
		</Build>
		<Compiler>
			<Add option="-Wall" />
			<Add option="-fexceptions" />
		</Compiler>
		<Unit filename="graphisme/svgfile.cpp" />
		<Unit filename="graphisme/svgfile.h" />
		<Unit filename="interface.cpp" />
		<Unit filename="main.cpp" />
		<Unit filename="structure/Interface.h" />
		<Unit filename="structure/arrete.cpp" />
		<Unit filename="structure/arrete.h" />
		<Unit filename="structure/coords.cpp" />
		<Unit filename="structure/coords.h" />
		<Unit filename="structure/graphe.cpp" />
		<Unit filename="structure/graphe.h" />
		<Unit filename="structure/sommet.cpp" />
		<Unit filename="structure/sommet.h" />
		<Extensions>
			<code_completion />
			<envvars />
			<debugger />
		</Extensions>
	</Project>
</CodeBlocks_project_file>
